
Microsoft Visual Studio Solution File, Format Version 12.00
# Visual Studio Version 17
VisualStudioVersion = 17.9.34622.214
MinimumVisualStudioVersion = 10.0.40219.1
Project("{9A19103F-16F7-4668-BE54-9A1E7A4F7556}") = "Streamstats", "Streamstats.csproj", "{10F42A84-166B-417F-93BD-EA02642F3D57}"
EndProject
Project("{840C416C-B8F3-42BC-B0DD-F6BB14C9F8CB}") = "Build", "..\Build\Build.aiproj", "{1334FADE-A431-4811-A32B-94331D11627F}"
EndProject
Global
	GlobalSection(SolutionConfigurationPlatforms) = preSolution
		All|Any CPU = All|Any CPU
		All|x64 = All|x64
		Debug|Any CPU = Debug|Any CPU
		Debug|x64 = Debug|x64
		Release|Any CPU = Release|Any CPU
		Release|x64 = Release|x64
	EndGlobalSection
	GlobalSection(ProjectConfigurationPlatforms) = postSolution
		{10F42A84-166B-417F-93BD-EA02642F3D57}.All|Any CPU.ActiveCfg = Release|Any CPU
		{10F42A84-166B-417F-93BD-EA02642F3D57}.All|Any CPU.Build.0 = Release|Any CPU
		{10F42A84-166B-417F-93BD-EA02642F3D57}.All|x64.ActiveCfg = Release|x64
		{10F42A84-166B-417F-93BD-EA02642F3D57}.All|x64.Build.0 = Release|x64
		{10F42A84-166B-417F-93BD-EA02642F3D57}.Debug|Any CPU.ActiveCfg = Debug|Any CPU
		{10F42A84-166B-417F-93BD-EA02642F3D57}.Debug|Any CPU.Build.0 = Debug|Any CPU
		{10F42A84-166B-417F-93BD-EA02642F3D57}.Debug|x64.ActiveCfg = Debug|x64
		{10F42A84-166B-417F-93BD-EA02642F3D57}.Debug|x64.Build.0 = Debug|x64
		{10F42A84-166B-417F-93BD-EA02642F3D57}.Release|Any CPU.ActiveCfg = Release|Any CPU
		{10F42A84-166B-417F-93BD-EA02642F3D57}.Release|Any CPU.Build.0 = Release|Any CPU
		{10F42A84-166B-417F-93BD-EA02642F3D57}.Release|x64.ActiveCfg = Release|Any CPU
		{10F42A84-166B-417F-93BD-EA02642F3D57}.Release|x64.Build.0 = Release|Any CPU
		{1334FADE-A431-4811-A32B-94331D11627F}.All|Any CPU.ActiveCfg = DefaultBuild
		{1334FADE-A431-4811-A32B-94331D11627F}.All|Any CPU.Build.0 = DefaultBuild
		{1334FADE-A431-4811-A32B-94331D11627F}.All|x64.ActiveCfg = DefaultBuild
		{1334FADE-A431-4811-A32B-94331D11627F}.All|x64.Build.0 = DefaultBuild
		{1334FADE-A431-4811-A32B-94331D11627F}.Debug|Any CPU.ActiveCfg = DefaultBuild
		{1334FADE-A431-4811-A32B-94331D11627F}.Debug|Any CPU.Build.0 = DefaultBuild
		{1334FADE-A431-4811-A32B-94331D11627F}.Debug|x64.ActiveCfg = DefaultBuild
		{1334FADE-A431-4811-A32B-94331D11627F}.Debug|x64.Build.0 = DefaultBuild
		{1334FADE-A431-4811-A32B-94331D11627F}.Release|Any CPU.ActiveCfg = DefaultBuild
		{1334FADE-A431-4811-A32B-94331D11627F}.Release|Any CPU.Build.0 = DefaultBuild
		{1334FADE-A431-4811-A32B-94331D11627F}.Release|x64.ActiveCfg = DefaultBuild
		{1334FADE-A431-4811-A32B-94331D11627F}.Release|x64.Build.0 = DefaultBuild
	EndGlobalSection
	GlobalSection(SolutionProperties) = preSolution
		HideSolutionNode = FALSE
	EndGlobalSection
	GlobalSection(ExtensibilityGlobals) = postSolution
		SolutionGuid = {68AD82CE-784D-4CB9-80E9-7424459BF70F}
	EndGlobalSection
EndGlobal
